
Microsoft Visual Studio Solution File, Format Version 12.00
# Visual Studio Version 17
VisualStudioVersion = 17.1.32328.378
MinimumVisualStudioVersion = 10.0.40219.1
Project("{FAE04EC0-301F-11D3-BF4B-00C04F79EFBC}") = "ConsoleHelloWorld", "ConsoleHelloWorld\ConsoleHelloWorld.csproj", "{029B9DFF-A250-4813-9B1A-10C9622B78ED}"
EndProject
Global
	GlobalSection(SolutionConfigurationPlatforms) = preSolution
		Debug|Any CPU = Debug|Any CPU
		Release|Any CPU = Release|Any CPU
	EndGlobalSection
	GlobalSection(ProjectConfigurationPlatforms) = postSolution
		{029B9DFF-A250-4813-9B1A-10C9622B78ED}.Debug|Any CPU.ActiveCfg = Debug|Any CPU
		{029B9DFF-A250-4813-9B1A-10C9622B78ED}.Debug|Any CPU.Build.0 = Debug|Any CPU
		{029B9DFF-A250-4813-9B1A-10C9622B78ED}.Release|Any CPU.ActiveCfg = Release|Any CPU
		{029B9DFF-A250-4813-9B1A-10C9622B78ED}.Release|Any CPU.Build.0 = Release|Any CPU
	EndGlobalSection
	GlobalSection(SolutionProperties) = preSolution
		HideSolutionNode = FALSE
	EndGlobalSection
	GlobalSection(ExtensibilityGlobals) = postSolution
		SolutionGuid = {8BA31843-C7BB-4D06-B907-F6CBC26F4EF7}
	EndGlobalSection
EndGlobal
