
Microsoft Visual Studio Solution File, Format Version 12.00
# Visual Studio Version 16
VisualStudioVersion = 16.0.32413.511
MinimumVisualStudioVersion = 10.0.40219.1
<<<<<<< HEAD
Project("{9A19103F-16F7-4668-BE54-9A1E7A4F7556}") = "SwiftCode.BBS.API", "SwiftCode.BBS.API\SwiftCode.BBS.API.csproj", "{BB562E4B-87AF-4971-9359-E2196B8E31C0}"
EndProject
Project("{9A19103F-16F7-4668-BE54-9A1E7A4F7556}") = "SwiftCode.BBS.IRepositories", "SwiftCode.BBS.IRepositories\SwiftCode.BBS.IRepositories.csproj", "{DC68F153-C7EB-4D6A-9C3A-5E38376472DC}"
EndProject
Project("{9A19103F-16F7-4668-BE54-9A1E7A4F7556}") = "SwiftCode.BBS.Repositories", "SwiftCode.BBS.Repositories\SwiftCode.BBS.Repositories.csproj", "{7CA0FA6D-5CBE-4073-8420-DDEC64C8980B}"
EndProject
Project("{9A19103F-16F7-4668-BE54-9A1E7A4F7556}") = "SwiftCode.BBS.IServices", "SwiftCode.BBS.IService\SwiftCode.BBS.IServices.csproj", "{D5D7A619-B4F7-4034-8C03-B3F5815AE1C4}"
EndProject
Project("{9A19103F-16F7-4668-BE54-9A1E7A4F7556}") = "SwiftCode.BBS.Services", "SwiftCode.BBS.Services\SwiftCode.BBS.Services.csproj", "{C437F7BE-8A24-4519-A5B5-7ACB12F5AF8D}"
EndProject
Project("{9A19103F-16F7-4668-BE54-9A1E7A4F7556}") = "SwiftCode.BBS.Model", "SwiftCode.BBS.Model\SwiftCode.BBS.Model.csproj", "{D1EEE92F-C84A-4E54-942A-2623314C63CF}"
EndProject
Project("{FAE04EC0-301F-11D3-BF4B-00C04F79EFBC}") = "SwiftCode.BBS.Common", "SwiftCode.BBS.Common\SwiftCode.BBS.Common.csproj", "{E480F89C-D482-43A0-8AC3-7FCD765AE0B2}"
=======
Project("{FAE04EC0-301F-11D3-BF4B-00C04F79EFBC}") = "SwiftCode.BBS.API", "SwiftCode.BBS.API\SwiftCode.BBS.API.csproj", "{BB562E4B-87AF-4971-9359-E2196B8E31C0}"
EndProject
Project("{FAE04EC0-301F-11D3-BF4B-00C04F79EFBC}") = "SwiftCode.BBS.IRepositories", "SwiftCode.BBS.IRepositories\SwiftCode.BBS.IRepositories.csproj", "{DC68F153-C7EB-4D6A-9C3A-5E38376472DC}"
EndProject
Project("{FAE04EC0-301F-11D3-BF4B-00C04F79EFBC}") = "SwiftCode.BBS.Repositories", "SwiftCode.BBS.Repositories\SwiftCode.BBS.Repositories.csproj", "{7CA0FA6D-5CBE-4073-8420-DDEC64C8980B}"
EndProject
Project("{FAE04EC0-301F-11D3-BF4B-00C04F79EFBC}") = "SwiftCode.BBS.IServices", "SwiftCode.BBS.IService\SwiftCode.BBS.IServices.csproj", "{D5D7A619-B4F7-4034-8C03-B3F5815AE1C4}"
EndProject
Project("{FAE04EC0-301F-11D3-BF4B-00C04F79EFBC}") = "SwiftCode.BBS.Services", "SwiftCode.BBS.Services\SwiftCode.BBS.Services.csproj", "{C437F7BE-8A24-4519-A5B5-7ACB12F5AF8D}"
EndProject
Project("{FAE04EC0-301F-11D3-BF4B-00C04F79EFBC}") = "SwiftCode.BBS.Model", "SwiftCode.BBS.Model\SwiftCode.BBS.Model.csproj", "{D1EEE92F-C84A-4E54-942A-2623314C63CF}"
>>>>>>> 7fdb0c8c89466031244ac1949b4ec0895781f6c8
EndProject
Global
	GlobalSection(SolutionConfigurationPlatforms) = preSolution
		Debug|Any CPU = Debug|Any CPU
		Release|Any CPU = Release|Any CPU
	EndGlobalSection
	GlobalSection(ProjectConfigurationPlatforms) = postSolution
		{BB562E4B-87AF-4971-9359-E2196B8E31C0}.Debug|Any CPU.ActiveCfg = Debug|Any CPU
		{BB562E4B-87AF-4971-9359-E2196B8E31C0}.Debug|Any CPU.Build.0 = Debug|Any CPU
		{BB562E4B-87AF-4971-9359-E2196B8E31C0}.Release|Any CPU.ActiveCfg = Release|Any CPU
		{BB562E4B-87AF-4971-9359-E2196B8E31C0}.Release|Any CPU.Build.0 = Release|Any CPU
		{DC68F153-C7EB-4D6A-9C3A-5E38376472DC}.Debug|Any CPU.ActiveCfg = Debug|Any CPU
		{DC68F153-C7EB-4D6A-9C3A-5E38376472DC}.Debug|Any CPU.Build.0 = Debug|Any CPU
		{DC68F153-C7EB-4D6A-9C3A-5E38376472DC}.Release|Any CPU.ActiveCfg = Release|Any CPU
		{DC68F153-C7EB-4D6A-9C3A-5E38376472DC}.Release|Any CPU.Build.0 = Release|Any CPU
		{7CA0FA6D-5CBE-4073-8420-DDEC64C8980B}.Debug|Any CPU.ActiveCfg = Debug|Any CPU
		{7CA0FA6D-5CBE-4073-8420-DDEC64C8980B}.Debug|Any CPU.Build.0 = Debug|Any CPU
		{7CA0FA6D-5CBE-4073-8420-DDEC64C8980B}.Release|Any CPU.ActiveCfg = Release|Any CPU
		{7CA0FA6D-5CBE-4073-8420-DDEC64C8980B}.Release|Any CPU.Build.0 = Release|Any CPU
		{D5D7A619-B4F7-4034-8C03-B3F5815AE1C4}.Debug|Any CPU.ActiveCfg = Debug|Any CPU
		{D5D7A619-B4F7-4034-8C03-B3F5815AE1C4}.Debug|Any CPU.Build.0 = Debug|Any CPU
		{D5D7A619-B4F7-4034-8C03-B3F5815AE1C4}.Release|Any CPU.ActiveCfg = Release|Any CPU
		{D5D7A619-B4F7-4034-8C03-B3F5815AE1C4}.Release|Any CPU.Build.0 = Release|Any CPU
		{C437F7BE-8A24-4519-A5B5-7ACB12F5AF8D}.Debug|Any CPU.ActiveCfg = Debug|Any CPU
		{C437F7BE-8A24-4519-A5B5-7ACB12F5AF8D}.Debug|Any CPU.Build.0 = Debug|Any CPU
		{C437F7BE-8A24-4519-A5B5-7ACB12F5AF8D}.Release|Any CPU.ActiveCfg = Release|Any CPU
		{C437F7BE-8A24-4519-A5B5-7ACB12F5AF8D}.Release|Any CPU.Build.0 = Release|Any CPU
		{D1EEE92F-C84A-4E54-942A-2623314C63CF}.Debug|Any CPU.ActiveCfg = Debug|Any CPU
		{D1EEE92F-C84A-4E54-942A-2623314C63CF}.Debug|Any CPU.Build.0 = Debug|Any CPU
		{D1EEE92F-C84A-4E54-942A-2623314C63CF}.Release|Any CPU.ActiveCfg = Release|Any CPU
		{D1EEE92F-C84A-4E54-942A-2623314C63CF}.Release|Any CPU.Build.0 = Release|Any CPU
<<<<<<< HEAD
		{E480F89C-D482-43A0-8AC3-7FCD765AE0B2}.Debug|Any CPU.ActiveCfg = Debug|Any CPU
		{E480F89C-D482-43A0-8AC3-7FCD765AE0B2}.Debug|Any CPU.Build.0 = Debug|Any CPU
		{E480F89C-D482-43A0-8AC3-7FCD765AE0B2}.Release|Any CPU.ActiveCfg = Release|Any CPU
		{E480F89C-D482-43A0-8AC3-7FCD765AE0B2}.Release|Any CPU.Build.0 = Release|Any CPU
=======
>>>>>>> 7fdb0c8c89466031244ac1949b4ec0895781f6c8
	EndGlobalSection
	GlobalSection(SolutionProperties) = preSolution
		HideSolutionNode = FALSE
	EndGlobalSection
	GlobalSection(ExtensibilityGlobals) = postSolution
		SolutionGuid = {DB9A5971-9A2A-4F57-80D7-DE1070E2CD92}
	EndGlobalSection
EndGlobal
